
Microsoft Visual Studio Solution File, Format Version 12.00
# Visual Studio Version 17
VisualStudioVersion = 17.9.34902.65
MinimumVisualStudioVersion = 10.0.40219.1
Project("{FAE04EC0-301F-11D3-BF4B-00C04F79EFBC}") = "MyCiCdApp", "MyCiCdApp.csproj", "{A65ECB95-74B8-427F-820D-EE3D7F0D37EC}"
EndProject
Global
	GlobalSection(SolutionConfigurationPlatforms) = preSolution
		Debug|Any CPU = Debug|Any CPU
		Release|Any CPU = Release|Any CPU
	EndGlobalSection
	GlobalSection(ProjectConfigurationPlatforms) = postSolution
		{A65ECB95-74B8-427F-820D-EE3D7F0D37EC}.Debug|Any CPU.ActiveCfg = Debug|Any CPU
		{A65ECB95-74B8-427F-820D-EE3D7F0D37EC}.Debug|Any CPU.Build.0 = Debug|Any CPU
		{A65ECB95-74B8-427F-820D-EE3D7F0D37EC}.Release|Any CPU.ActiveCfg = Release|Any CPU
		{A65ECB95-74B8-427F-820D-EE3D7F0D37EC}.Release|Any CPU.Build.0 = Release|Any CPU
	EndGlobalSection
	GlobalSection(SolutionProperties) = preSolution
		HideSolutionNode = FALSE
	EndGlobalSection
	GlobalSection(ExtensibilityGlobals) = postSolution
		SolutionGuid = {26FEB626-69AC-4635-94B6-CD7396B74B7A}
	EndGlobalSection
EndGlobal
